
Microsoft Visual Studio Solution File, Format Version 12.00
# Visual Studio Version 17
VisualStudioVersion = 17.6.33815.320
MinimumVisualStudioVersion = 10.0.40219.1
Project("{FAE04EC0-301F-11D3-BF4B-00C04F79EFBC}") = "tic_tac_toe", "tic_tac_toe\tic_tac_toe.csproj", "{9FF37FC3-BA8D-423A-8B2F-5426F76E7C5C}"
EndProject
Global
	GlobalSection(SolutionConfigurationPlatforms) = preSolution
		Debug|Any CPU = Debug|Any CPU
		Release|Any CPU = Release|Any CPU
	EndGlobalSection
	GlobalSection(ProjectConfigurationPlatforms) = postSolution
		{9FF37FC3-BA8D-423A-8B2F-5426F76E7C5C}.Debug|Any CPU.ActiveCfg = Debug|Any CPU
		{9FF37FC3-BA8D-423A-8B2F-5426F76E7C5C}.Debug|Any CPU.Build.0 = Debug|Any CPU
		{9FF37FC3-BA8D-423A-8B2F-5426F76E7C5C}.Release|Any CPU.ActiveCfg = Release|Any CPU
		{9FF37FC3-BA8D-423A-8B2F-5426F76E7C5C}.Release|Any CPU.Build.0 = Release|Any CPU
	EndGlobalSection
	GlobalSection(SolutionProperties) = preSolution
		HideSolutionNode = FALSE
	EndGlobalSection
	GlobalSection(ExtensibilityGlobals) = postSolution
		SolutionGuid = {37275180-CA53-4780-BEBB-AE8AB2A4A81C}
	EndGlobalSection
EndGlobal
